
Microsoft Visual Studio Solution File, Format Version 12.00
# Visual Studio 14
VisualStudioVersion = 14.0.25420.1
MinimumVisualStudioVersion = 10.0.40219.1
Project("{FAE04EC0-301F-11D3-BF4B-00C04F79EFBC}") = "pso.cdd.model", "pso.cdd.model\pso.cdd.model.csproj", "{D019E63C-B4D6-41A4-9850-4D9EE8C0E050}"
EndProject
Project("{2150E333-8FDC-42A3-9474-1A3956D46DE8}") = "Binarios", "Binarios", "{370C2796-4781-4146-ACAC-26AEA52BE6D3}"
	ProjectSection(SolutionItems) = preProject
		Binarios\Circon.Common.dll = Binarios\Circon.Common.dll
		Binarios\Circon.Mvc.Helpers.dll = Binarios\Circon.Mvc.Helpers.dll
		Binarios\EPPlus.dll = Binarios\EPPlus.dll
		Binarios\Fonet.dll = Binarios\Fonet.dll
	EndProjectSection
EndProject
Project("{FAE04EC0-301F-11D3-BF4B-00C04F79EFBC}") = "pso.cdd.mvc", "pso.cdd.mvc\pso.cdd.mvc.csproj", "{5D47D2E4-56F7-4559-AC08-8762BD9BCFB2}"
EndProject
Global
	GlobalSection(SolutionConfigurationPlatforms) = preSolution
		Debug|Any CPU = Debug|Any CPU
		Release|Any CPU = Release|Any CPU
	EndGlobalSection
	GlobalSection(ProjectConfigurationPlatforms) = postSolution
		{D019E63C-B4D6-41A4-9850-4D9EE8C0E050}.Debug|Any CPU.ActiveCfg = Debug|Any CPU
		{D019E63C-B4D6-41A4-9850-4D9EE8C0E050}.Debug|Any CPU.Build.0 = Debug|Any CPU
		{D019E63C-B4D6-41A4-9850-4D9EE8C0E050}.Release|Any CPU.ActiveCfg = Release|Any CPU
		{D019E63C-B4D6-41A4-9850-4D9EE8C0E050}.Release|Any CPU.Build.0 = Release|Any CPU
		{5D47D2E4-56F7-4559-AC08-8762BD9BCFB2}.Debug|Any CPU.ActiveCfg = Debug|Any CPU
		{5D47D2E4-56F7-4559-AC08-8762BD9BCFB2}.Debug|Any CPU.Build.0 = Debug|Any CPU
		{5D47D2E4-56F7-4559-AC08-8762BD9BCFB2}.Release|Any CPU.ActiveCfg = Release|Any CPU
		{5D47D2E4-56F7-4559-AC08-8762BD9BCFB2}.Release|Any CPU.Build.0 = Release|Any CPU
	EndGlobalSection
	GlobalSection(SolutionProperties) = preSolution
		HideSolutionNode = FALSE
	EndGlobalSection
EndGlobal
